{
  "name": "bittorrentclient",
  "version": "1.0.0",
  "lockfileVersion": 2,
  "requires": true,
  "packages": {
    "": {
      "name": "bittorrentclient",
      "version": "1.0.0",
      "license": "MIT",
      "dependencies": {
        "node-bencode": "^0.0.0",
        "q": "^1.5.1"
      }
    },
    "node_modules/node-bencode": {
      "version": "0.0.0",
      "resolved": "https://registry.npmjs.org/node-bencode/-/node-bencode-0.0.0.tgz",
      "integrity": "sha512-L8v5mBx3Lwve1sf5lsYZKUUjybVEJ/HJWMHcKwCUR1tINTcajUEQtqnsN8YswRI9W+nHmyUdeNC3K0/ULhByEw=="
    },
    "node_modules/q": {
      "version": "1.5.1",
      "resolved": "https://registry.npmjs.org/q/-/q-1.5.1.tgz",
      "integrity": "sha512-kV/CThkXo6xyFEZUugw/+pIOywXcDbFYgSct5cT3gqlbkBE1SJdwy6UQoZvodiWF/ckQLZyDE/Bu1M6gVu5lVw==",
      "engines": {
        "node": ">=0.6.0",
        "teleport": ">=0.2.0"
      }
    }
  },
  "dependencies": {
    "node-bencode": {
      "version": "0.0.0",
      "resolved": "https://registry.npmjs.org/node-bencode/-/node-bencode-0.0.0.tgz",
      "integrity": "sha512-L8v5mBx3Lwve1sf5lsYZKUUjybVEJ/HJWMHcKwCUR1tINTcajUEQtqnsN8YswRI9W+nHmyUdeNC3K0/ULhByEw=="
    },
    "q": {
      "version": "1.5.1",
      "resolved": "https://registry.npmjs.org/q/-/q-1.5.1.tgz",
      "integrity": "sha512-kV/CThkXo6xyFEZUugw/+pIOywXcDbFYgSct5cT3gqlbkBE1SJdwy6UQoZvodiWF/ckQLZyDE/Bu1M6gVu5lVw=="
    }
  }
}
